
Microsoft Visual Studio Solution File, Format Version 12.00
# Visual Studio 14
VisualStudioVersion = 14.0.25420.1
MinimumVisualStudioVersion = 10.0.40219.1
Project("{FAE04EC0-301F-11D3-BF4B-00C04F79EFBC}") = "Business", "Business\Business.csproj", "{49CA7F38-C666-402F-8282-EFF31DDA094D}"
EndProject
Project("{FAE04EC0-301F-11D3-BF4B-00C04F79EFBC}") = "Data", "Data\Data.csproj", "{6006A4A9-E538-4260-9CB9-674AA98E540D}"
EndProject
Project("{FAE04EC0-301F-11D3-BF4B-00C04F79EFBC}") = "Domain", "Domain\Domain.csproj", "{5D2C909B-3E4B-4D39-8D1F-64911FCDD8A1}"
EndProject
Project("{FAE04EC0-301F-11D3-BF4B-00C04F79EFBC}") = "WebServices", "WebServices\WebServices.csproj", "{8336CEEE-8FBC-47FC-90BD-21A79B620F2E}"
EndProject
Project("{FAE04EC0-301F-11D3-BF4B-00C04F79EFBC}") = "SOAPService", "SOAPService\SOAPService.csproj", "{53A0A4F8-E754-4BBC-AD3B-D9AB9892E5EF}"
EndProject
Global
	GlobalSection(SolutionConfigurationPlatforms) = preSolution
		Debug|Any CPU = Debug|Any CPU
		Release|Any CPU = Release|Any CPU
	EndGlobalSection
	GlobalSection(ProjectConfigurationPlatforms) = postSolution
		{49CA7F38-C666-402F-8282-EFF31DDA094D}.Debug|Any CPU.ActiveCfg = Debug|Any CPU
		{49CA7F38-C666-402F-8282-EFF31DDA094D}.Debug|Any CPU.Build.0 = Debug|Any CPU
		{49CA7F38-C666-402F-8282-EFF31DDA094D}.Release|Any CPU.ActiveCfg = Release|Any CPU
		{49CA7F38-C666-402F-8282-EFF31DDA094D}.Release|Any CPU.Build.0 = Release|Any CPU
		{6006A4A9-E538-4260-9CB9-674AA98E540D}.Debug|Any CPU.ActiveCfg = Debug|Any CPU
		{6006A4A9-E538-4260-9CB9-674AA98E540D}.Debug|Any CPU.Build.0 = Debug|Any CPU
		{6006A4A9-E538-4260-9CB9-674AA98E540D}.Debug|Any CPU.Deploy.0 = Debug|Any CPU
		{6006A4A9-E538-4260-9CB9-674AA98E540D}.Release|Any CPU.ActiveCfg = Release|Any CPU
		{6006A4A9-E538-4260-9CB9-674AA98E540D}.Release|Any CPU.Build.0 = Release|Any CPU
		{5D2C909B-3E4B-4D39-8D1F-64911FCDD8A1}.Debug|Any CPU.ActiveCfg = Debug|Any CPU
		{5D2C909B-3E4B-4D39-8D1F-64911FCDD8A1}.Debug|Any CPU.Build.0 = Debug|Any CPU
		{5D2C909B-3E4B-4D39-8D1F-64911FCDD8A1}.Release|Any CPU.ActiveCfg = Release|Any CPU
		{5D2C909B-3E4B-4D39-8D1F-64911FCDD8A1}.Release|Any CPU.Build.0 = Release|Any CPU
		{8336CEEE-8FBC-47FC-90BD-21A79B620F2E}.Debug|Any CPU.ActiveCfg = Debug|Any CPU
		{8336CEEE-8FBC-47FC-90BD-21A79B620F2E}.Debug|Any CPU.Build.0 = Debug|Any CPU
		{8336CEEE-8FBC-47FC-90BD-21A79B620F2E}.Release|Any CPU.ActiveCfg = Release|Any CPU
		{8336CEEE-8FBC-47FC-90BD-21A79B620F2E}.Release|Any CPU.Build.0 = Release|Any CPU
		{53A0A4F8-E754-4BBC-AD3B-D9AB9892E5EF}.Debug|Any CPU.ActiveCfg = Debug|Any CPU
		{53A0A4F8-E754-4BBC-AD3B-D9AB9892E5EF}.Debug|Any CPU.Build.0 = Debug|Any CPU
		{53A0A4F8-E754-4BBC-AD3B-D9AB9892E5EF}.Release|Any CPU.ActiveCfg = Release|Any CPU
		{53A0A4F8-E754-4BBC-AD3B-D9AB9892E5EF}.Release|Any CPU.Build.0 = Release|Any CPU
	EndGlobalSection
	GlobalSection(SolutionProperties) = preSolution
		HideSolutionNode = FALSE
	EndGlobalSection
EndGlobal
